
Microsoft Visual Studio Solution File, Format Version 12.00
# Visual Studio Version 17
VisualStudioVersion = 17.0.31903.59
MinimumVisualStudioVersion = 10.0.40219.1
Project("{FAE04EC0-301F-11D3-BF4B-00C04F79EFBC}") = "Magazine.Core", "Magazine.Core\Magazine.Core.csproj", "{002F37E0-DA44-4217-8749-60EDB8EFBA30}"
EndProject
Project("{FAE04EC0-301F-11D3-BF4B-00C04F79EFBC}") = "Magazine.WebApi", "Magazine.WebApi\Magazine.WebApi.csproj", "{2E48B1DF-3B53-44FB-838F-E356B983CEB9}"
EndProject
Project("{FAE04EC0-301F-11D3-BF4B-00C04F79EFBC}") = "Magazine.Tests", "Magazine.Tests\Magazine.Tests.csproj", "{6BC0611A-8B24-4060-B9B6-3827208CB24E}"
EndProject
Global
	GlobalSection(SolutionConfigurationPlatforms) = preSolution
		Debug|Any CPU = Debug|Any CPU
		Release|Any CPU = Release|Any CPU
	EndGlobalSection
	GlobalSection(ProjectConfigurationPlatforms) = postSolution
		{002F37E0-DA44-4217-8749-60EDB8EFBA30}.Debug|Any CPU.ActiveCfg = Debug|Any CPU
		{002F37E0-DA44-4217-8749-60EDB8EFBA30}.Debug|Any CPU.Build.0 = Debug|Any CPU
		{002F37E0-DA44-4217-8749-60EDB8EFBA30}.Release|Any CPU.ActiveCfg = Release|Any CPU
		{002F37E0-DA44-4217-8749-60EDB8EFBA30}.Release|Any CPU.Build.0 = Release|Any CPU
		{2E48B1DF-3B53-44FB-838F-E356B983CEB9}.Debug|Any CPU.ActiveCfg = Debug|Any CPU
		{2E48B1DF-3B53-44FB-838F-E356B983CEB9}.Debug|Any CPU.Build.0 = Debug|Any CPU
		{2E48B1DF-3B53-44FB-838F-E356B983CEB9}.Release|Any CPU.ActiveCfg = Release|Any CPU
		{2E48B1DF-3B53-44FB-838F-E356B983CEB9}.Release|Any CPU.Build.0 = Release|Any CPU
		{6BC0611A-8B24-4060-B9B6-3827208CB24E}.Debug|Any CPU.ActiveCfg = Debug|Any CPU
		{6BC0611A-8B24-4060-B9B6-3827208CB24E}.Debug|Any CPU.Build.0 = Debug|Any CPU
		{6BC0611A-8B24-4060-B9B6-3827208CB24E}.Release|Any CPU.ActiveCfg = Release|Any CPU
		{6BC0611A-8B24-4060-B9B6-3827208CB24E}.Release|Any CPU.Build.0 = Release|Any CPU
	EndGlobalSection
	GlobalSection(SolutionProperties) = preSolution
		HideSolutionNode = FALSE
	EndGlobalSection
EndGlobal
